{
  "version": 4,
  "terraform_version": "1.14.3",
  "serial": 3,
  "lineage": "7ccf68a8-d4f5-fc81-2095-20fa211ce135",
  "outputs": {
    "available_nodes": {
      "value": [
        "pve"
      ],
      "type": [
        "list",
        "string"
      ]
    },
    "vm_info": {
      "value": {
        "id": 100,
        "name": "k8s-control",
        "node": "pve",
        "running": true
      },
      "type": [
        "object",
        {
          "id": "number",
          "name": "string",
          "node": "string",
          "running": "bool"
        }
      ]
    }
  },
  "resources": [
    {
      "mode": "data",
      "type": "proxmox_virtual_environment_nodes",
      "name": "nodes",
      "provider": "provider[\"registry.terraform.io/bpg/proxmox\"]",
      "instances": [
        {
          "schema_version": 0,
          "attributes": {
            "cpu_count": [
              8
            ],
            "cpu_utilization": [
              0.02
            ],
            "id": "nodes",
            "memory_available": [
              33567875072
            ],
            "memory_used": [
              1865670656
            ],
            "names": [
              "pve"
            ],
            "online": [
              true
            ],
            "ssl_fingerprints": [
              "CB:57:72:C7:71:CF:18:00:F1:40:F3:8D:1A:06:41:5C:18:B3:7F:EA:96:A8:EF:82:B5:CD:3A:A0:2D:5C:BD:04"
            ],
            "support_levels": [
              ""
            ],
            "uptime": [
              11158
            ]
          },
          "sensitive_attributes": [],
          "identity_schema_version": 0
        }
      ]
    },
    {
      "mode": "managed",
      "type": "proxmox_virtual_environment_vm",
      "name": "ubuntu_vm",
      "provider": "provider[\"registry.terraform.io/bpg/proxmox\"]",
      "instances": [
        {
          "schema_version": 0,
          "attributes": {
            "acpi": true,
            "agent": [
              {
                "enabled": true,
                "timeout": "15m",
                "trim": false,
                "type": "virtio",
                "wait_for_ip": []
              }
            ],
            "amd_sev": [],
            "audio_device": [],
            "bios": "seabios",
            "boot_order": [
              "scsi0"
            ],
            "cdrom": [],
            "clone": [],
            "cpu": [
              {
                "affinity": "",
                "architecture": "",
                "cores": 2,
                "flags": null,
                "hotplugged": 0,
                "limit": 0,
                "numa": false,
                "sockets": 1,
                "type": "host",
                "units": 0
              }
            ],
            "delete_unreferenced_disks_on_destroy": true,
            "description": "Managed by Terraform",
            "disk": [
              {
                "aio": "io_uring",
                "backup": true,
                "cache": "none",
                "datastore_id": "local-lvm",
                "discard": "ignore",
                "file_format": "raw",
                "file_id": "local:iso/jammy-server-cloudimg-amd64.img",
                "import_from": "",
                "interface": "scsi0",
                "iothread": false,
                "path_in_datastore": "vm-100-disk-0",
                "replicate": true,
                "serial": "",
                "size": 30,
                "speed": [],
                "ssd": false
              },
              {
                "aio": null,
                "backup": null,
                "cache": null,
                "datastore_id": null,
                "discard": null,
                "file_format": null,
                "file_id": null,
                "import_from": null,
                "interface": null,
                "iothread": null,
                "path_in_datastore": null,
                "replicate": null,
                "serial": null,
                "size": null,
                "speed": [],
                "ssd": null
              }
            ],
            "efi_disk": [],
            "hook_script_file_id": null,
            "hostpci": [],
            "id": "100",
            "initialization": [
              {
                "datastore_id": "local-lvm",
                "dns": [],
                "file_format": "",
                "interface": "ide2",
                "ip_config": [
                  {
                    "ipv4": [
                      {
                        "address": "dhcp",
                        "gateway": ""
                      }
                    ],
                    "ipv6": []
                  }
                ],
                "meta_data_file_id": "",
                "network_data_file_id": "",
                "type": "",
                "user_account": [
                  {
                    "keys": [],
                    "password": "**********",
                    "username": "reon"
                  }
                ],
                "user_data_file_id": "",
                "vendor_data_file_id": ""
              }
            ],
            "ipv4_addresses": [],
            "ipv6_addresses": [],
            "keyboard_layout": "en-us",
            "kvm_arguments": "",
            "mac_addresses": [],
            "machine": "",
            "memory": [
              {
                "dedicated": 4096,
                "floating": 0,
                "hugepages": "",
                "keep_hugepages": false,
                "shared": 0
              }
            ],
            "migrate": false,
            "name": "k8s-control",
            "network_device": [
              {
                "bridge": "vmbr0",
                "disconnected": false,
                "enabled": true,
                "firewall": false,
                "mac_address": "BC:24:11:81:89:28",
                "model": "virtio",
                "mtu": 0,
                "queues": 0,
                "rate_limit": 0,
                "trunks": "",
                "vlan_id": 0
              }
            ],
            "network_interface_names": [],
            "node_name": "pve",
            "numa": [],
            "on_boot": true,
            "operating_system": [
              {
                "type": "l26"
              }
            ],
            "pool_id": "",
            "protection": false,
            "purge_on_destroy": true,
            "reboot": false,
            "reboot_after_update": true,
            "rng": [],
            "scsi_hardware": "virtio-scsi-pci",
            "serial_device": [],
            "smbios": [],
            "started": true,
            "startup": [],
            "stop_on_destroy": false,
            "tablet_device": true,
            "tags": [
              "k8s",
              "terraform",
              "ubuntu"
            ],
            "template": false,
            "timeout_clone": 1800,
            "timeout_create": 1800,
            "timeout_migrate": 1800,
            "timeout_move_disk": 1800,
            "timeout_reboot": 1800,
            "timeout_shutdown_vm": 1800,
            "timeout_start_vm": 1800,
            "timeout_stop_vm": 300,
            "tpm_state": [],
            "usb": [],
            "vga": [],
            "virtiofs": [],
            "vm_id": 100,
            "watchdog": []
          },
          "sensitive_attributes": [
            [
              {
                "type": "get_attr",
                "value": "initialization"
              },
              {
                "type": "index",
                "value": {
                  "value": 0,
                  "type": "number"
                }
              },
              {
                "type": "get_attr",
                "value": "user_account"
              },
              {
                "type": "index",
                "value": {
                  "value": 0,
                  "type": "number"
                }
              },
              {
                "type": "get_attr",
                "value": "password"
              }
            ]
          ],
          "identity_schema_version": 0,
          "private": "bnVsbA=="
        }
      ]
    }
  ],
  "check_results": null
}
